PODS:
  - Alamofire (4.5.1)
  - IQKeyboardManagerSwift (4.0.13)

DEPENDENCIES:
  - Alamofire (~> 4.5)
  - IQKeyboardManagerSwift

SPEC CHECKSUMS:
  Alamofire: 2d95912bf4c34f164fdfc335872e8c312acaea4a
  IQKeyboardManagerSwift: fb399c4cddcd8d9bbcd2d0c7c81ed290b61c088e

PODFILE CHECKSUM: 69fae4a32b724dabc44f30a18c2dc858f8b2700a

COCOAPODS: 1.3.1
